// !$*UTF8*$!
{
	archiveVersion = 1;
	classes = {
	};
	objectVersion = 46;
	objects = {

/* Begin PBXBuildFile section */
		584404BBE476DC56042AC95B /* libPods.a in Frameworks */ = {isa = PBXBuildFile; fileRef = 0895D0DA62172AFBA048F133 /* libPods.a */; };
		CED619AE1CA4E18000D3E4BF /* main.m in Sources */ = {isa = PBXBuildFile; fileRef = CED619AD1CA4E18000D3E4BF /* main.m */; };
		CED619B11CA4E18000D3E4BF /* AppDelegate.m in Sources */ = {isa = PBXBuildFile; fileRef = CED619B01CA4E18000D3E4BF /* AppDelegate.m */; };
		CED619B41CA4E18000D3E4BF /* ViewController.m in Sources */ = {isa = PBXBuildFile; fileRef = CED619B31CA4E18000D3E4BF /* ViewController.m */; };
		CED619B71CA4E18000D3E4BF /* Main.storyboard in Resources */ = {isa = PBXBuildFile; fileRef = CED619B51CA4E18000D3E4BF /* Main.storyboard */; };
		CED619B91CA4E18000D3E4BF /* Assets.xcassets in Resources */ = {isa = PBXBuildFile; fileRef = CED619B81CA4E18000D3E4BF /* Assets.xcassets */; };
		CED619BC1CA4E18000D3E4BF /* LaunchScreen.storyboard in Resources */ = {isa = PBXBuildFile; fileRef = CED619BA1CA4E18000D3E4BF /* LaunchScreen.storyboard */; };
		CED619C71CA4E18000D3E4BF /* ReactiveCocoaDemoTests.m in Sources */ = {isa = PBXBuildFile; fileRef = CED619C61CA4E18000D3E4BF /* ReactiveCocoaDemoTests.m */; };
		CED619D21CA4E18000D3E4BF /* ReactiveCocoaDemoUITests.m in Sources */ = {isa = PBXBuildFile; fileRef = CED619D11CA4E18000D3E4BF /* ReactiveCocoaDemoUITests.m */; };
		CED619E11CA4E68400D3E4BF /* FirstViewController.m in Sources */ = {isa = PBXBuildFile; fileRef = CED619E01CA4E68400D3E4BF /* FirstViewController.m */; };
		CED619E41CA4EFD700D3E4BF /* NSArrayViewController.m in Sources */ = {isa = PBXBuildFile; fileRef = CED619E31CA4EFD700D3E4BF /* NSArrayViewController.m */; };
		CED619E71CA4F0D400D3E4BF /* TwoViewController.m in Sources */ = {isa = PBXBuildFile; fileRef = CED619E61CA4F0D400D3E4BF /* TwoViewController.m */; };
		CED619E91CA517B400D3E4BF /* city.json in Resources */ = {isa = PBXBuildFile; fileRef = CED619E81CA517B400D3E4BF /* city.json */; };
		CED619EC1CA517ED00D3E4BF /* City.m in Sources */ = {isa = PBXBuildFile; fileRef = CED619EB1CA517ED00D3E4BF /* City.m */; };
		CED619F31CA8D61200D3E4BF /* LoginViewController.m in Sources */ = {isa = PBXBuildFile; fileRef = CED619F11CA8D61200D3E4BF /* LoginViewController.m */; };
		CED619F41CA8D61200D3E4BF /* LoginViewController.xib in Resources */ = {isa = PBXBuildFile; fileRef = CED619F21CA8D61200D3E4BF /* LoginViewController.xib */; };
		CED619F71CA8D80000D3E4BF /* LoginViewModel.m in Sources */ = {isa = PBXBuildFile; fileRef = CED619F61CA8D80000D3E4BF /* LoginViewModel.m */; };
		CED619FA1CA8D81300D3E4BF /* Accout.m in Sources */ = {isa = PBXBuildFile; fileRef = CED619F91CA8D81300D3E4BF /* Accout.m */; };
		CED619FD1CA8FE0300D3E4BF /* NetViewController.m in Sources */ = {isa = PBXBuildFile; fileRef = CED619FC1CA8FE0300D3E4BF /* NetViewController.m */; };
		CED61A001CA8FE2900D3E4BF /* requestViewModel.m in Sources */ = {isa = PBXBuildFile; fileRef = CED619FF1CA8FE2900D3E4BF /* requestViewModel.m */; };
		CED61A031CA900FA00D3E4BF /* Book.m in Sources */ = {isa = PBXBuildFile; fileRef = CED61A021CA900FA00D3E4BF /* Book.m */; };
		CED61A061CA9057600D3E4BF /* NSObject+Extension.m in Sources */ = {isa = PBXBuildFile; fileRef = CED61A051CA9057600D3E4BF /* NSObject+Extension.m */; };
/* End PBXBuildFile section */

/* Begin PBXContainerItemProxy section */
		CED619C31CA4E18000D3E4BF /* PBXContainerItemProxy */ = {
			isa = PBXContainerItemProxy;
			containerPortal = CED619A11CA4E18000D3E4BF /* Project object */;
			proxyType = 1;
			remoteGlobalIDString = CED619A81CA4E18000D3E4BF;
			remoteInfo = ReactiveCocoaDemo;
		};
		CED619CE1CA4E18000D3E4BF /* PBXContainerItemProxy */ = {
			isa = PBXContainerItemProxy;
			containerPortal = CED619A11CA4E18000D3E4BF /* Project object */;
			proxyType = 1;
			remoteGlobalIDString = CED619A81CA4E18000D3E4BF;
			remoteInfo = ReactiveCocoaDemo;
		};
/* End PBXContainerItemProxy section */

/* Begin PBXFileReference section */
		0895D0DA62172AFBA048F133 /* libPods.a */ = {isa = PBXFileReference; explicitFileType = archive.ar; includeInIndex = 0; path = libPods.a; sourceTree = BUILT_PRODUCTS_DIR; };
		7D7DC88B8C8CD5785B5CFCD6 /* Pods.release.xcconfig */ = {isa = PBXFileReference; includeInIndex = 1; lastKnownFileType = text.xcconfig; name = Pods.release.xcconfig; path = "Pods/Target Support Files/Pods/Pods.release.xcconfig"; sourceTree = "<group>"; };
		CED619A91CA4E18000D3E4BF /* ReactiveCocoaDemo.app */ = {isa = PBXFileReference; explicitFileType = wrapper.application; includeInIndex = 0; path = ReactiveCocoaDemo.app; sourceTree = BUILT_PRODUCTS_DIR; };
		CED619AD1CA4E18000D3E4BF /* main.m */ = {isa = PBXFileReference; lastKnownFileType = sourcecode.c.objc; path = main.m; sourceTree = "<group>"; };
		CED619AF1CA4E18000D3E4BF /* AppDelegate.h */ = {isa = PBXFileReference; lastKnownFileType = sourcecode.c.h; path = AppDelegate.h; sourceTree = "<group>"; };
		CED619B01CA4E18000D3E4BF /* AppDelegate.m */ = {isa = PBXFileReference; lastKnownFileType = sourcecode.c.objc; path = AppDelegate.m; sourceTree = "<group>"; };
		CED619B21CA4E18000D3E4BF /* ViewController.h */ = {isa = PBXFileReference; lastKnownFileType = sourcecode.c.h; path = ViewController.h; sourceTree = "<group>"; };
		CED619B31CA4E18000D3E4BF /* ViewController.m */ = {isa = PBXFileReference; lastKnownFileType = sourcecode.c.objc; path = ViewController.m; sourceTree = "<group>"; };
		CED619B61CA4E18000D3E4BF /* Base */ = {isa = PBXFileReference; lastKnownFileType = file.storyboard; name = Base; path = Base.lproj/Main.storyboard; sourceTree = "<group>"; };
		CED619B81CA4E18000D3E4BF /* Assets.xcassets */ = {isa = PBXFileReference; lastKnownFileType = folder.assetcatalog; path = Assets.xcassets; sourceTree = "<group>"; };
		CED619BB1CA4E18000D3E4BF /* Base */ = {isa = PBXFileReference; lastKnownFileType = file.storyboard; name = Base; path = Base.lproj/LaunchScreen.storyboard; sourceTree = "<group>"; };
		CED619BD1CA4E18000D3E4BF /* Info.plist */ = {isa = PBXFileReference; lastKnownFileType = text.plist.xml; path = Info.plist; sourceTree = "<group>"; };
		CED619C21CA4E18000D3E4BF /* ReactiveCocoaDemoTests.xctest */ = {isa = PBXFileReference; explicitFileType = wrapper.cfbundle; includeInIndex = 0; path = ReactiveCocoaDemoTests.xctest; sourceTree = BUILT_PRODUCTS_DIR; };
		CED619C61CA4E18000D3E4BF /* ReactiveCocoaDemoTests.m */ = {isa = PBXFileReference; lastKnownFileType = sourcecode.c.objc; path = ReactiveCocoaDemoTests.m; sourceTree = "<group>"; };
		CED619C81CA4E18000D3E4BF /* Info.plist */ = {isa = PBXFileReference; lastKnownFileType = text.plist.xml; path = Info.plist; sourceTree = "<group>"; };
		CED619CD1CA4E18000D3E4BF /* ReactiveCocoaDemoUITests.xctest */ = {isa = PBXFileReference; explicitFileType = wrapper.cfbundle; includeInIndex = 0; path = ReactiveCocoaDemoUITests.xctest; sourceTree = BUILT_PRODUCTS_DIR; };
		CED619D11CA4E18000D3E4BF /* ReactiveCocoaDemoUITests.m */ = {isa = PBXFileReference; lastKnownFileType = sourcecode.c.objc; path = ReactiveCocoaDemoUITests.m; sourceTree = "<group>"; };
		CED619D31CA4E18000D3E4BF /* Info.plist */ = {isa = PBXFileReference; lastKnownFileType = text.plist.xml; path = Info.plist; sourceTree = "<group>"; };
		CED619DF1CA4E68400D3E4BF /* FirstViewController.h */ = {isa = PBXFileReference; fileEncoding = 4; lastKnownFileType = sourcecode.c.h; path = FirstViewController.h; sourceTree = "<group>"; };
		CED619E01CA4E68400D3E4BF /* FirstViewController.m */ = {isa = PBXFileReference; fileEncoding = 4; lastKnownFileType = sourcecode.c.objc; path = FirstViewController.m; sourceTree = "<group>"; };
		CED619E21CA4EFD700D3E4BF /* NSArrayViewController.h */ = {isa = PBXFileReference; fileEncoding = 4; lastKnownFileType = sourcecode.c.h; path = NSArrayViewController.h; sourceTree = "<group>"; };
		CED619E31CA4EFD700D3E4BF /* NSArrayViewController.m */ = {isa = PBXFileReference; fileEncoding = 4; lastKnownFileType = sourcecode.c.objc; path = NSArrayViewController.m; sourceTree = "<group>"; };
		CED619E51CA4F0D400D3E4BF /* TwoViewController.h */ = {isa = PBXFileReference; fileEncoding = 4; lastKnownFileType = sourcecode.c.h; path = TwoViewController.h; sourceTree = "<group>"; };
		CED619E61CA4F0D400D3E4BF /* TwoViewController.m */ = {isa = PBXFileReference; fileEncoding = 4; lastKnownFileType = sourcecode.c.objc; path = TwoViewController.m; sourceTree = "<group>"; };
		CED619E81CA517B400D3E4BF /* city.json */ = {isa = PBXFileReference; fileEncoding = 4; lastKnownFileType = text.json; path = city.json; sourceTree = "<group>"; };
		CED619EA1CA517ED00D3E4BF /* City.h */ = {isa = PBXFileReference; fileEncoding = 4; lastKnownFileType = sourcecode.c.h; path = City.h; sourceTree = "<group>"; };
		CED619EB1CA517ED00D3E4BF /* City.m */ = {isa = PBXFileReference; fileEncoding = 4; lastKnownFileType = sourcecode.c.objc; path = City.m; sourceTree = "<group>"; };
		CED619F01CA8D61200D3E4BF /* LoginViewController.h */ = {isa = PBXFileReference; fileEncoding = 4; lastKnownFileType = sourcecode.c.h; path = LoginViewController.h; sourceTree = "<group>"; };
		CED619F11CA8D61200D3E4BF /* LoginViewController.m */ = {isa = PBXFileReference; fileEncoding = 4; lastKnownFileType = sourcecode.c.objc; path = LoginViewController.m; sourceTree = "<group>"; };
		CED619F21CA8D61200D3E4BF /* LoginViewController.xib */ = {isa = PBXFileReference; fileEncoding = 4; lastKnownFileType = file.xib; path = LoginViewController.xib; sourceTree = "<group>"; };
		CED619F51CA8D80000D3E4BF /* LoginViewModel.h */ = {isa = PBXFileReference; fileEncoding = 4; lastKnownFileType = sourcecode.c.h; path = LoginViewModel.h; sourceTree = "<group>"; };
		CED619F61CA8D80000D3E4BF /* LoginViewModel.m */ = {isa = PBXFileReference; fileEncoding = 4; lastKnownFileType = sourcecode.c.objc; path = LoginViewModel.m; sourceTree = "<group>"; };
		CED619F81CA8D81300D3E4BF /* Accout.h */ = {isa = PBXFileReference; fileEncoding = 4; lastKnownFileType = sourcecode.c.h; path = Accout.h; sourceTree = "<group>"; };
		CED619F91CA8D81300D3E4BF /* Accout.m */ = {isa = PBXFileReference; fileEncoding = 4; lastKnownFileType = sourcecode.c.objc; path = Accout.m; sourceTree = "<group>"; };
		CED619FB1CA8FE0300D3E4BF /* NetViewController.h */ = {isa = PBXFileReference; fileEncoding = 4; lastKnownFileType = sourcecode.c.h; path = NetViewController.h; sourceTree = "<group>"; };
		CED619FC1CA8FE0300D3E4BF /* NetViewController.m */ = {isa = PBXFileReference; fileEncoding = 4; lastKnownFileType = sourcecode.c.objc; path = NetViewController.m; sourceTree = "<group>"; };
		CED619FE1CA8FE2900D3E4BF /* requestViewModel.h */ = {isa = PBXFileReference; fileEncoding = 4; lastKnownFileType = sourcecode.c.h; path = requestViewModel.h; sourceTree = "<group>"; };
		CED619FF1CA8FE2900D3E4BF /* requestViewModel.m */ = {isa = PBXFileReference; fileEncoding = 4; lastKnownFileType = sourcecode.c.objc; path = requestViewModel.m; sourceTree = "<group>"; };
		CED61A011CA900FA00D3E4BF /* Book.h */ = {isa = PBXFileReference; fileEncoding = 4; lastKnownFileType = sourcecode.c.h; path = Book.h; sourceTree = "<group>"; };
		CED61A021CA900FA00D3E4BF /* Book.m */ = {isa = PBXFileReference; fileEncoding = 4; lastKnownFileType = sourcecode.c.objc; path = Book.m; sourceTree = "<group>"; };
		CED61A041CA9057600D3E4BF /* NSObject+Extension.h */ = {isa = PBXFileReference; fileEncoding = 4; lastKnownFileType = sourcecode.c.h; path = "NSObject+Extension.h"; sourceTree = "<group>"; };
		CED61A051CA9057600D3E4BF /* NSObject+Extension.m */ = {isa = PBXFileReference; fileEncoding = 4; lastKnownFileType = sourcecode.c.objc; path = "NSObject+Extension.m"; sourceTree = "<group>"; };
		D80447EBCB9117E8BBB1AFF2 /* Pods.debug.xcconfig */ = {isa = PBXFileReference; includeInIndex = 1; lastKnownFileType = text.xcconfig; name = Pods.debug.xcconfig; path = "Pods/Target Support Files/Pods/Pods.debug.xcconfig"; sourceTree = "<group>"; };
/* End PBXFileReference section */

/* Begin PBXFrameworksBuildPhase section */
		CED619A61CA4E18000D3E4BF /* Frameworks */ = {
			isa = PBXFrameworksBuildPhase;
			buildActionMask = 2147483647;
			files = (
				584404BBE476DC56042AC95B /* libPods.a in Frameworks */,
			);
			runOnlyForDeploymentPostprocessing = 0;
		};
		CED619BF1CA4E18000D3E4BF /* Frameworks */ = {
			isa = PBXFrameworksBuildPhase;
			buildActionMask = 2147483647;
			files = (
			);
			runOnlyForDeploymentPostprocessing = 0;
		};
		CED619CA1CA4E18000D3E4BF /* Frameworks */ = {
			isa = PBXFrameworksBuildPhase;
			buildActionMask = 2147483647;
			files = (
			);
			runOnlyForDeploymentPostprocessing = 0;
		};
/* End PBXFrameworksBuildPhase section */

/* Begin PBXGroup section */
		CED619A01CA4E18000D3E4BF = {
			isa = PBXGroup;
			children = (
				CED619AB1CA4E18000D3E4BF /* ReactiveCocoaDemo */,
				CED619C51CA4E18000D3E4BF /* ReactiveCocoaDemoTests */,
				CED619D01CA4E18000D3E4BF /* ReactiveCocoaDemoUITests */,
				CED619AA1CA4E18000D3E4BF /* Products */,
				E93BC6B0230A6A1B0978FBA0 /* Pods */,
				D836C2A4E71D7A14B3751C41 /* Frameworks */,
			);
			sourceTree = "<group>";
		};
		CED619AA1CA4E18000D3E4BF /* Products */ = {
			isa = PBXGroup;
			children = (
				CED619A91CA4E18000D3E4BF /* ReactiveCocoaDemo.app */,
				CED619C21CA4E18000D3E4BF /* ReactiveCocoaDemoTests.xctest */,
				CED619CD1CA4E18000D3E4BF /* ReactiveCocoaDemoUITests.xctest */,
			);
			name = Products;
			sourceTree = "<group>";
		};
		CED619AB1CA4E18000D3E4BF /* ReactiveCocoaDemo */ = {
			isa = PBXGroup;
			children = (
				CED61A041CA9057600D3E4BF /* NSObject+Extension.h */,
				CED61A051CA9057600D3E4BF /* NSObject+Extension.m */,
				CED619AF1CA4E18000D3E4BF /* AppDelegate.h */,
				CED619B01CA4E18000D3E4BF /* AppDelegate.m */,
				CED619B21CA4E18000D3E4BF /* ViewController.h */,
				CED619B31CA4E18000D3E4BF /* ViewController.m */,
				CED619B51CA4E18000D3E4BF /* Main.storyboard */,
				CED619B81CA4E18000D3E4BF /* Assets.xcassets */,
				CED619BA1CA4E18000D3E4BF /* LaunchScreen.storyboard */,
				CED619BD1CA4E18000D3E4BF /* Info.plist */,
				CED619AC1CA4E18000D3E4BF /* Supporting Files */,
				CED619DF1CA4E68400D3E4BF /* FirstViewController.h */,
				CED619E01CA4E68400D3E4BF /* FirstViewController.m */,
				CED619E51CA4F0D400D3E4BF /* TwoViewController.h */,
				CED619E61CA4F0D400D3E4BF /* TwoViewController.m */,
				CED619E21CA4EFD700D3E4BF /* NSArrayViewController.h */,
				CED619E31CA4EFD700D3E4BF /* NSArrayViewController.m */,
				CED619F01CA8D61200D3E4BF /* LoginViewController.h */,
				CED619F11CA8D61200D3E4BF /* LoginViewController.m */,
				CED619F21CA8D61200D3E4BF /* LoginViewController.xib */,
				CED619F51CA8D80000D3E4BF /* LoginViewModel.h */,
				CED619F61CA8D80000D3E4BF /* LoginViewModel.m */,
				CED619FB1CA8FE0300D3E4BF /* NetViewController.h */,
				CED619FC1CA8FE0300D3E4BF /* NetViewController.m */,
				CED619FE1CA8FE2900D3E4BF /* requestViewModel.h */,
				CED619FF1CA8FE2900D3E4BF /* requestViewModel.m */,
				CED61A011CA900FA00D3E4BF /* Book.h */,
				CED61A021CA900FA00D3E4BF /* Book.m */,
				CED619F81CA8D81300D3E4BF /* Accout.h */,
				CED619F91CA8D81300D3E4BF /* Accout.m */,
				CED619EA1CA517ED00D3E4BF /* City.h */,
				CED619EB1CA517ED00D3E4BF /* City.m */,
			);
			path = ReactiveCocoaDemo;
			sourceTree = "<group>";
		};
		CED619AC1CA4E18000D3E4BF /* Supporting Files */ = {
			isa = PBXGroup;
			children = (
				CED619E81CA517B400D3E4BF /* city.json */,
				CED619AD1CA4E18000D3E4BF /* main.m */,
			);
			name = "Supporting Files";
			sourceTree = "<group>";
		};
		CED619C51CA4E18000D3E4BF /* ReactiveCocoaDemoTests */ = {
			isa = PBXGroup;
			children = (
				CED619C61CA4E18000D3E4BF /* ReactiveCocoaDemoTests.m */,
				CED619C81CA4E18000D3E4BF /* Info.plist */,
			);
			path = ReactiveCocoaDemoTests;
			sourceTree = "<group>";
		};
		CED619D01CA4E18000D3E4BF /* ReactiveCocoaDemoUITests */ = {
			isa = PBXGroup;
			children = (
				CED619D11CA4E18000D3E4BF /* ReactiveCocoaDemoUITests.m */,
				CED619D31CA4E18000D3E4BF /* Info.plist */,
			);
			path = ReactiveCocoaDemoUITests;
			sourceTree = "<group>";
		};
		D836C2A4E71D7A14B3751C41 /* Frameworks */ = {
			isa = PBXGroup;
			children = (
				0895D0DA62172AFBA048F133 /* libPods.a */,
			);
			name = Frameworks;
			sourceTree = "<group>";
		};
		E93BC6B0230A6A1B0978FBA0 /* Pods */ = {
			isa = PBXGroup;
			children = (
				D80447EBCB9117E8BBB1AFF2 /* Pods.debug.xcconfig */,
				7D7DC88B8C8CD5785B5CFCD6 /* Pods.release.xcconfig */,
			);
			name = Pods;
			sourceTree = "<group>";
		};
/* End PBXGroup section */

/* Begin PBXNativeTarget section */
		CED619A81CA4E18000D3E4BF /* ReactiveCocoaDemo */ = {
			isa = PBXNativeTarget;
			buildConfigurationList = CED619D61CA4E18100D3E4BF /* Build configuration list for PBXNativeTarget "ReactiveCocoaDemo" */;
			buildPhases = (
				E75B875F0173E3D85D36EF9D /* Check Pods Manifest.lock */,
				CED619A51CA4E18000D3E4BF /* Sources */,
				CED619A61CA4E18000D3E4BF /* Frameworks */,
				CED619A71CA4E18000D3E4BF /* Resources */,
				51ADBA66FBA86C63915C9C25 /* Copy Pods Resources */,
			);
			buildRules = (
			);
			dependencies = (
			);
			name = ReactiveCocoaDemo;
			productName = ReactiveCocoaDemo;
			productReference = CED619A91CA4E18000D3E4BF /* ReactiveCocoaDemo.app */;
			productType = "com.apple.product-type.application";
		};
		CED619C11CA4E18000D3E4BF /* ReactiveCocoaDemoTests */ = {
			isa = PBXNativeTarget;
			buildConfigurationList = CED619D91CA4E18100D3E4BF /* Build configuration list for PBXNativeTarget "ReactiveCocoaDemoTests" */;
			buildPhases = (
				CED619BE1CA4E18000D3E4BF /* Sources */,
				CED619BF1CA4E18000D3E4BF /* Frameworks */,
				CED619C01CA4E18000D3E4BF /* Resources */,
			);
			buildRules = (
			);
			dependencies = (
				CED619C41CA4E18000D3E4BF /* PBXTargetDependency */,
			);
			name = ReactiveCocoaDemoTests;
			productName = ReactiveCocoaDemoTests;
			productReference = CED619C21CA4E18000D3E4BF /* ReactiveCocoaDemoTests.xctest */;
			productType = "com.apple.product-type.bundle.unit-test";
		};
		CED619CC1CA4E18000D3E4BF /* ReactiveCocoaDemoUITests */ = {
			isa = PBXNativeTarget;
			buildConfigurationList = CED619DC1CA4E18100D3E4BF /* Build configuration list for PBXNativeTarget "ReactiveCocoaDemoUITests" */;
			buildPhases = (
				CED619C91CA4E18000D3E4BF /* Sources */,
				CED619CA1CA4E18000D3E4BF /* Frameworks */,
				CED619CB1CA4E18000D3E4BF /* Resources */,
			);
			buildRules = (
			);
			dependencies = (
				CED619CF1CA4E18000D3E4BF /* PBXTargetDependency */,
			);
			name = ReactiveCocoaDemoUITests;
			productName = ReactiveCocoaDemoUITests;
			productReference = CED619CD1CA4E18000D3E4BF /* ReactiveCocoaDemoUITests.xctest */;
			productType = "com.apple.product-type.bundle.ui-testing";
		};
/* End PBXNativeTarget section */

/* Begin PBXProject section */
		CED619A11CA4E18000D3E4BF /* Project object */ = {
			isa = PBXProject;
			attributes = {
				LastUpgradeCheck = 0720;
				ORGANIZATIONNAME = EdwinXiang;
				TargetAttributes = {
					CED619A81CA4E18000D3E4BF = {
						CreatedOnToolsVersion = 7.2.1;
					};
					CED619C11CA4E18000D3E4BF = {
						CreatedOnToolsVersion = 7.2.1;
						TestTargetID = CED619A81CA4E18000D3E4BF;
					};
					CED619CC1CA4E18000D3E4BF = {
						CreatedOnToolsVersion = 7.2.1;
						TestTargetID = CED619A81CA4E18000D3E4BF;
					};
				};
			};
			buildConfigurationList = CED619A41CA4E18000D3E4BF /* Build configuration list for PBXProject "ReactiveCocoaDemo" */;
			compatibilityVersion = "Xcode 3.2";
			developmentRegion = English;
			hasScannedForEncodings = 0;
			knownRegions = (
				en,
				Base,
			);
			mainGroup = CED619A01CA4E18000D3E4BF;
			productRefGroup = CED619AA1CA4E18000D3E4BF /* Products */;
			projectDirPath = "";
			projectRoot = "";
			targets = (
				CED619A81CA4E18000D3E4BF /* ReactiveCocoaDemo */,
				CED619C11CA4E18000D3E4BF /* ReactiveCocoaDemoTests */,
				CED619CC1CA4E18000D3E4BF /* ReactiveCocoaDemoUITests */,
			);
		};
/* End PBXProject section */

/* Begin PBXResourcesBuildPhase section */
		CED619A71CA4E18000D3E4BF /* Resources */ = {
			isa = PBXResourcesBuildPhase;
			buildActionMask = 2147483647;
			files = (
				CED619F41CA8D61200D3E4BF /* LoginViewController.xib in Resources */,
				CED619BC1CA4E18000D3E4BF /* LaunchScreen.storyboard in Resources */,
				CED619B91CA4E18000D3E4BF /* Assets.xcassets in Resources */,
				CED619E91CA517B400D3E4BF /* city.json in Resources */,
				CED619B71CA4E18000D3E4BF /* Main.storyboard in Resources */,
			);
			runOnlyForDeploymentPostprocessing = 0;
		};
		CED619C01CA4E18000D3E4BF /* Resources */ = {
			isa = PBXResourcesBuildPhase;
			buildActionMask = 2147483647;
			files = (
			);
			runOnlyForDeploymentPostprocessing = 0;
		};
		CED619CB1CA4E18000D3E4BF /* Resources */ = {
			isa = PBXResourcesBuildPhase;
			buildActionMask = 2147483647;
			files = (
			);
			runOnlyForDeploymentPostprocessing = 0;
		};
/* End PBXResourcesBuildPhase section */

/* Begin PBXShellScriptBuildPhase section */
		51ADBA66FBA86C63915C9C25 /* Copy Pods Resources */ = {
			isa = PBXShellScriptBuildPhase;
			buildActionMask = 2147483647;
			files = (
			);
			inputPaths = (
			);
			name = "Copy Pods Resources";
			outputPaths = (
			);
			runOnlyForDeploymentPostprocessing = 0;
			shellPath = /bin/sh;
			shellScript = "\"${SRCROOT}/Pods/Target Support Files/Pods/Pods-resources.sh\"\n";
			showEnvVarsInLog = 0;
		};
		E75B875F0173E3D85D36EF9D /* Check Pods Manifest.lock */ = {
			isa = PBXShellScriptBuildPhase;
			buildActionMask = 2147483647;
			files = (
			);
			inputPaths = (
			);
			name = "Check Pods Manifest.lock";
			outputPaths = (
			);
			runOnlyForDeploymentPostprocessing = 0;
			shellPath = /bin/sh;
			shellScript = "diff \"${PODS_ROOT}/../Podfile.lock\" \"${PODS_ROOT}/Manifest.lock\" > /dev/null\nif [[ $? != 0 ]] ; then\n    cat << EOM\nerror: The sandbox is not in sync with the Podfile.lock. Run 'pod install' or update your CocoaPods installation.\nEOM\n    exit 1\nfi\n";
			showEnvVarsInLog = 0;
		};
/* End PBXShellScriptBuildPhase section */

/* Begin PBXSourcesBuildPhase section */
		CED619A51CA4E18000D3E4BF /* Sources */ = {
			isa = PBXSourcesBuildPhase;
			buildActionMask = 2147483647;
			files = (
				CED61A031CA900FA00D3E4BF /* Book.m in Sources */,
				CED619F31CA8D61200D3E4BF /* LoginViewController.m in Sources */,
				CED619B41CA4E18000D3E4BF /* ViewController.m in Sources */,
				CED61A001CA8FE2900D3E4BF /* requestViewModel.m in Sources */,
				CED619B11CA4E18000D3E4BF /* AppDelegate.m in Sources */,
				CED61A061CA9057600D3E4BF /* NSObject+Extension.m in Sources */,
				CED619AE1CA4E18000D3E4BF /* main.m in Sources */,
				CED619E71CA4F0D400D3E4BF /* TwoViewController.m in Sources */,
				CED619E41CA4EFD700D3E4BF /* NSArrayViewController.m in Sources */,
				CED619FD1CA8FE0300D3E4BF /* NetViewController.m in Sources */,
				CED619FA1CA8D81300D3E4BF /* Accout.m in Sources */,
				CED619EC1CA517ED00D3E4BF /* City.m in Sources */,
				CED619E11CA4E68400D3E4BF /* FirstViewController.m in Sources */,
				CED619F71CA8D80000D3E4BF /* LoginViewModel.m in Sources */,
			);
			runOnlyForDeploymentPostprocessing = 0;
		};
		CED619BE1CA4E18000D3E4BF /* Sources */ = {
			isa = PBXSourcesBuildPhase;
			buildActionMask = 2147483647;
			files = (
				CED619C71CA4E18000D3E4BF /* ReactiveCocoaDemoTests.m in Sources */,
			);
			runOnlyForDeploymentPostprocessing = 0;
		};
		CED619C91CA4E18000D3E4BF /* Sources */ = {
			isa = PBXSourcesBuildPhase;
			buildActionMask = 2147483647;
			files = (
				CED619D21CA4E18000D3E4BF /* ReactiveCocoaDemoUITests.m in Sources */,
			);
			runOnlyForDeploymentPostprocessing = 0;
		};
/* End PBXSourcesBuildPhase section */

/* Begin PBXTargetDependency section */
		CED619C41CA4E18000D3E4BF /* PBXTargetDependency */ = {
			isa = PBXTargetDependency;
			target = CED619A81CA4E18000D3E4BF /* ReactiveCocoaDemo */;
			targetProxy = CED619C31CA4E18000D3E4BF /* PBXContainerItemProxy */;
		};
		CED619CF1CA4E18000D3E4BF /* PBXTargetDependency */ = {
			isa = PBXTargetDependency;
			target = CED619A81CA4E18000D3E4BF /* ReactiveCocoaDemo */;
			targetProxy = CED619CE1CA4E18000D3E4BF /* PBXContainerItemProxy */;
		};
/* End PBXTargetDependency section */

/* Begin PBXVariantGroup section */
		CED619B51CA4E18000D3E4BF /* Main.storyboard */ = {
			isa = PBXVariantGroup;
			children = (
				CED619B61CA4E18000D3E4BF /* Base */,
			);
			name = Main.storyboard;
			sourceTree = "<group>";
		};
		CED619BA1CA4E18000D3E4BF /* LaunchScreen.storyboard */ = {
			isa = PBXVariantGroup;
			children = (
				CED619BB1CA4E18000D3E4BF /* Base */,
			);
			name = LaunchScreen.storyboard;
			sourceTree = "<group>";
		};
/* End PBXVariantGroup section */

/* Begin XCBuildConfiguration section */
		CED619D41CA4E18100D3E4BF /* Debug */ = {
			isa = XCBuildConfiguration;
			buildSettings = {
				ALWAYS_SEARCH_USER_PATHS = NO;
				CLANG_CXX_LANGUAGE_STANDARD = "gnu++0x";
				CLANG_CXX_LIBRARY = "libc++";
				CLANG_ENABLE_MODULES = YES;
				CLANG_ENABLE_OBJC_ARC = YES;
				CLANG_WARN_BOOL_CONVERSION = YES;
				CLANG_WARN_CONSTANT_CONVERSION = YES;
				CLANG_WARN_DIRECT_OBJC_ISA_USAGE = YES_ERROR;
				CLANG_WARN_EMPTY_BODY = YES;
				CLANG_WARN_ENUM_CONVERSION = YES;
				CLANG_WARN_INT_CONVERSION = YES;
				CLANG_WARN_OBJC_ROOT_CLASS = YES_ERROR;
				CLANG_WARN_UNREACHABLE_CODE = YES;
				CLANG_WARN__DUPLICATE_METHOD_MATCH = YES;
				"CODE_SIGN_IDENTITY[sdk=iphoneos*]" = "iPhone Developer";
				COPY_PHASE_STRIP = NO;
				DEBUG_INFORMATION_FORMAT = dwarf;
				ENABLE_STRICT_OBJC_MSGSEND = YES;
				ENABLE_TESTABILITY = YES;
				GCC_C_LANGUAGE_STANDARD = gnu99;
				GCC_DYNAMIC_NO_PIC = NO;
				GCC_NO_COMMON_BLOCKS = YES;
				GCC_OPTIMIZATION_LEVEL = 0;
				GCC_PREPROCESSOR_DEFINITIONS = (
					"DEBUG=1",
					"$(inherited)",
				);
				GCC_WARN_64_TO_32_BIT_CONVERSION = YES;
				GCC_WARN_ABOUT_RETURN_TYPE = YES_ERROR;
				GCC_WARN_UNDECLARED_SELECTOR = YES;
				GCC_WARN_UNINITIALIZED_AUTOS = YES_AGGRESSIVE;
				GCC_WARN_UNUSED_FUNCTION = YES;
				GCC_WARN_UNUSED_VARIABLE = YES;
				IPHONEOS_DEPLOYMENT_TARGET = 9.2;
				MTL_ENABLE_DEBUG_INFO = YES;
				ONLY_ACTIVE_ARCH = YES;
				SDKROOT = iphoneos;
				TARGETED_DEVICE_FAMILY = "1,2";
			};
			name = Debug;
		};
		CED619D51CA4E18100D3E4BF /* Release */ = {
			isa = XCBuildConfiguration;
			buildSettings = {
				ALWAYS_SEARCH_USER_PATHS = NO;
				CLANG_CXX_LANGUAGE_STANDARD = "gnu++0x";
				CLANG_CXX_LIBRARY = "libc++";
				CLANG_ENABLE_MODULES = YES;
				CLANG_ENABLE_OBJC_ARC = YES;
				CLANG_WARN_BOOL_CONVERSION = YES;
				CLANG_WARN_CONSTANT_CONVERSION = YES;
				CLANG_WARN_DIRECT_OBJC_ISA_USAGE = YES_ERROR;
				CLANG_WARN_EMPTY_BODY = YES;
				CLANG_WARN_ENUM_CONVERSION = YES;
				CLANG_WARN_INT_CONVERSION = YES;
				CLANG_WARN_OBJC_ROOT_CLASS = YES_ERROR;
				CLANG_WARN_UNREACHABLE_CODE = YES;
				CLANG_WARN__DUPLICATE_METHOD_MATCH = YES;
				"CODE_SIGN_IDENTITY[sdk=iphoneos*]" = "iPhone Developer";
				COPY_PHASE_STRIP = NO;
				DEBUG_INFORMATION_FORMAT = "dwarf-with-dsym";
				ENABLE_NS_ASSERTIONS = NO;
				ENABLE_STRICT_OBJC_MSGSEND = YES;
				GCC_C_LANGUAGE_STANDARD = gnu99;
				GCC_NO_COMMON_BLOCKS = YES;
				GCC_WARN_64_TO_32_BIT_CONVERSION = YES;
				GCC_WARN_ABOUT_RETURN_TYPE = YES_ERROR;
				GCC_WARN_UNDECLARED_SELECTOR = YES;
				GCC_WARN_UNINITIALIZED_AUTOS = YES_AGGRESSIVE;
				GCC_WARN_UNUSED_FUNCTION = YES;
				GCC_WARN_UNUSED_VARIABLE = YES;
				IPHONEOS_DEPLOYMENT_TARGET = 9.2;
				MTL_ENABLE_DEBUG_INFO = NO;
				SDKROOT = iphoneos;
				TARGETED_DEVICE_FAMILY = "1,2";
				VALIDATE_PRODUCT = YES;
			};
			name = Release;
		};
		CED619D71CA4E18100D3E4BF /* Debug */ = {
			isa = XCBuildConfiguration;
			baseConfigurationReference = D80447EBCB9117E8BBB1AFF2 /* Pods.debug.xcconfig */;
			buildSettings = {
				ASSETCATALOG_COMPILER_APPICON_NAME = AppIcon;
				INFOPLIST_FILE = ReactiveCocoaDemo/Info.plist;
				IPHONEOS_DEPLOYMENT_TARGET = 7.0;
				LD_RUNPATH_SEARCH_PATHS = "$(inherited) @executable_path/Frameworks";
				PRODUCT_BUNDLE_IDENTIFIER = com.Edwin.hxl.ReactiveCocoaDemo;
				PRODUCT_NAME = "$(TARGET_NAME)";
			};
			name = Debug;
		};
		CED619D81CA4E18100D3E4BF /* Release */ = {
			isa = XCBuildConfiguration;
			baseConfigurationReference = 7D7DC88B8C8CD5785B5CFCD6 /* Pods.release.xcconfig */;
			buildSettings = {
				ASSETCATALOG_COMPILER_APPICON_NAME = AppIcon;
				INFOPLIST_FILE = ReactiveCocoaDemo/Info.plist;
				IPHONEOS_DEPLOYMENT_TARGET = 7.0;
				LD_RUNPATH_SEARCH_PATHS = "$(inherited) @executable_path/Frameworks";
				PRODUCT_BUNDLE_IDENTIFIER = com.Edwin.hxl.ReactiveCocoaDemo;
				PRODUCT_NAME = "$(TARGET_NAME)";
			};
			name = Release;
		};
		CED619DA1CA4E18100D3E4BF /* Debug */ = {
			isa = XCBuildConfiguration;
			buildSettings = {
				BUNDLE_LOADER = "$(TEST_HOST)";
				INFOPLIST_FILE = ReactiveCocoaDemoTests/Info.plist;
				LD_RUNPATH_SEARCH_PATHS = "$(inherited) @executable_path/Frameworks @loader_path/Frameworks";
				PRODUCT_BUNDLE_IDENTIFIER = com.Edwin.hxl.ReactiveCocoaDemoTests;
				PRODUCT_NAME = "$(TARGET_NAME)";
				TEST_HOST = "$(BUILT_PRODUCTS_DIR)/ReactiveCocoaDemo.app/ReactiveCocoaDemo";
			};
			name = Debug;
		};
		CED619DB1CA4E18100D3E4BF /* Release */ = {
			isa = XCBuildConfiguration;
			buildSettings = {
				BUNDLE_LOADER = "$(TEST_HOST)";
				INFOPLIST_FILE = ReactiveCocoaDemoTests/Info.plist;
				LD_RUNPATH_SEARCH_PATHS = "$(inherited) @executable_path/Frameworks @loader_path/Frameworks";
				PRODUCT_BUNDLE_IDENTIFIER = com.Edwin.hxl.ReactiveCocoaDemoTests;
				PRODUCT_NAME = "$(TARGET_NAME)";
				TEST_HOST = "$(BUILT_PRODUCTS_DIR)/ReactiveCocoaDemo.app/ReactiveCocoaDemo";
			};
			name = Release;
		};
		CED619DD1CA4E18100D3E4BF /* Debug */ = {
			isa = XCBuildConfiguration;
			buildSettings = {
				INFOPLIST_FILE = ReactiveCocoaDemoUITests/Info.plist;
				LD_RUNPATH_SEARCH_PATHS = "$(inherited) @executable_path/Frameworks @loader_path/Frameworks";
				PRODUCT_BUNDLE_IDENTIFIER = com.Edwin.hxl.ReactiveCocoaDemoUITests;
				PRODUCT_NAME = "$(TARGET_NAME)";
				TEST_TARGET_NAME = ReactiveCocoaDemo;
				USES_XCTRUNNER = YES;
			};
			name = Debug;
		};
		CED619DE1CA4E18100D3E4BF /* Release */ = {
			isa = XCBuildConfiguration;
			buildSettings = {
				INFOPLIST_FILE = ReactiveCocoaDemoUITests/Info.plist;
				LD_RUNPATH_SEARCH_PATHS = "$(inherited) @executable_path/Frameworks @loader_path/Frameworks";
				PRODUCT_BUNDLE_IDENTIFIER = com.Edwin.hxl.ReactiveCocoaDemoUITests;
				PRODUCT_NAME = "$(TARGET_NAME)";
				TEST_TARGET_NAME = ReactiveCocoaDemo;
				USES_XCTRUNNER = YES;
			};
			name = Release;
		};
/* End XCBuildConfiguration section */

/* Begin XCConfigurationList section */
		CED619A41CA4E18000D3E4BF /* Build configuration list for PBXProject "ReactiveCocoaDemo" */ = {
			isa = XCConfigurationList;
			buildConfigurations = (
				CED619D41CA4E18100D3E4BF /* Debug */,
				CED619D51CA4E18100D3E4BF /* Release */,
			);
			defaultConfigurationIsVisible = 0;
			defaultConfigurationName = Release;
		};
		CED619D61CA4E18100D3E4BF /* Build configuration list for PBXNativeTarget "ReactiveCocoaDemo" */ = {
			isa = XCConfigurationList;
			buildConfigurations = (
				CED619D71CA4E18100D3E4BF /* Debug */,
				CED619D81CA4E18100D3E4BF /* Release */,
			);
			defaultConfigurationIsVisible = 0;
			defaultConfigurationName = Release;
		};
		CED619D91CA4E18100D3E4BF /* Build configuration list for PBXNativeTarget "ReactiveCocoaDemoTests" */ = {
			isa = XCConfigurationList;
			buildConfigurations = (
				CED619DA1CA4E18100D3E4BF /* Debug */,
				CED619DB1CA4E18100D3E4BF /* Release */,
			);
			defaultConfigurationIsVisible = 0;
			defaultConfigurationName = Release;
		};
		CED619DC1CA4E18100D3E4BF /* Build configuration list for PBXNativeTarget "ReactiveCocoaDemoUITests" */ = {
			isa = XCConfigurationList;
			buildConfigurations = (
				CED619DD1CA4E18100D3E4BF /* Debug */,
				CED619DE1CA4E18100D3E4BF /* Release */,
			);
			defaultConfigurationIsVisible = 0;
			defaultConfigurationName = Release;
		};
/* End XCConfigurationList section */
	};
	rootObject = CED619A11CA4E18000D3E4BF /* Project object */;
}
